
Microsoft Visual Studio Solution File, Format Version 12.00
# Visual Studio 15
VisualStudioVersion = 15.0.28307.329
MinimumVisualStudioVersion = 10.0.40219.1
Project("{FAE04EC0-301F-11D3-BF4B-00C04F79EFBC}") = "Microwave", "Microwave\Microwave.csproj", "{279BA59E-0875-4D5A-BFE5-15116376F5CD}"
EndProject
Global
	GlobalSection(SolutionConfigurationPlatforms) = preSolution
		Debug|Any CPU = Debug|Any CPU
		Release|Any CPU = Release|Any CPU
	EndGlobalSection
	GlobalSection(ProjectConfigurationPlatforms) = postSolution
		{279BA59E-0875-4D5A-BFE5-15116376F5CD}.Debug|Any CPU.ActiveCfg = Debug|Any CPU
		{279BA59E-0875-4D5A-BFE5-15116376F5CD}.Debug|Any CPU.Build.0 = Debug|Any CPU
		{279BA59E-0875-4D5A-BFE5-15116376F5CD}.Release|Any CPU.ActiveCfg = Release|Any CPU
		{279BA59E-0875-4D5A-BFE5-15116376F5CD}.Release|Any CPU.Build.0 = Release|Any CPU
	EndGlobalSection
	GlobalSection(SolutionProperties) = preSolution
		HideSolutionNode = FALSE
	EndGlobalSection
	GlobalSection(ExtensibilityGlobals) = postSolution
		SolutionGuid = {7326C17E-DF7D-4730-A701-65D78384D25E}
	EndGlobalSection
EndGlobal
